{
  "version": 4,
  "terraform_version": "1.13.5",
  "serial": 1,
  "lineage": "4d5ee6c6-2fb8-f6c6-332d-103311fb0bd8",
  "outputs": {},
  "resources": [
    {
      "mode": "managed",
      "type": "aws_bedrockagentcore_memory",
      "name": "weather_bot_memory",
      "provider": "provider[\"registry.terraform.io/hashicorp/aws\"]",
      "instances": [
        {
          "schema_version": 0,
          "attributes": {
            "arn": "arn:aws:bedrock-agentcore:us-east-1:794944452292:memory/weather_bot_memory-rkaX0BEYaY",
            "description": null,
            "encryption_key_arn": null,
            "event_expiry_duration": 7,
            "id": "weather_bot_memory-rkaX0BEYaY",
            "memory_execution_role_arn": null,
            "name": "weather_bot_memory",
            "region": "us-east-1",
            "tags": null,
            "tags_all": {},
            "timeouts": null
          },
          "sensitive_attributes": [],
          "identity_schema_version": 0
        }
      ]
    }
  ],
  "check_results": null
}
